{
    "_meta": {
        "hash": {
            "sha256": "4660979a9db1dd62b7e0c9b6264f49c42deb504e0a22ad97b1547b7c24c7bd2f"
        },
        "pipfile-spec": 6,
        "requires": {
            "python_version": "3.8"
        },
        "sources": [
            {
                "name": "pypi",
                "url": "https://pypi.org/simple",
                "verify_ssl": true
            }
        ]
    },
    "default": {
        "attrs": {
            "hashes": [
                "sha256:31b2eced602aa8423c2aea9c76a724617ed67cf9513173fd3a4f03e3a929c7e6",
                "sha256:832aa3cde19744e49938b91fea06d69ecb9e649c93ba974535d08ad92164f700"
            ],
            "markers": "python_version >= '2.7' and python_version not in '3.0, 3.1, 3.2, 3.3'",
            "version": "==20.3.0"
        },
        "certifi": {
            "hashes": [
                "sha256:1f422849db327d534e3d0c5f02a263458c3955ec0aae4ff09b95f195c59f4edd",
                "sha256:f05def092c44fbf25834a51509ef6e631dc19765ab8a57b4e7ab85531f0a9cf4"
            ],
            "version": "==2020.11.8"
        },
        "chardet": {
            "hashes": [
                "sha256:84ab92ed1c4d4f16916e05906b6b75a6c0fb5db821cc65e70cbd64a3e2a5eaae",
                "sha256:fc323ffcaeaed0e0a02bf4d117757b98aed530d9ed4531e3e15460124c106691"
            ],
            "version": "==3.0.4"
        },
        "configargparse": {
            "hashes": [
                "sha256:edd17be986d5c1ba2e307150b8e5f5107aba125f3574dddd02c85d5cdcfd37dc"
            ],
            "index": "pypi",
            "version": "==1.2.3"
        },
        "decorator": {
            "hashes": [
                "sha256:41fa54c2a0cc4ba648be4fd43cff00aedf5b9465c9bf18d64325bc225f08f760",
                "sha256:e3a62f0520172440ca0dcc823749319382e377f37f140a0b99ef45fecb84bfe7"
            ],
            "version": "==4.4.2"
        },
        "dependency-injector": {
            "hashes": [
                "sha256:00327bd6cb5cb6b404bceff9a2f300492f894241af94341d2fd98400e3a02e8e",
                "sha256:025e99ab3d7d3989e036ddd5c54bdc60c603807671296bd1d839b79be11bfedc",
                "sha256:04128e6584d1d4eadf934ee8bb54c2b3628456f65d50a8324a566ef804ef2017",
                "sha256:067a59fb3b7c8f0bfc574eeb7ba238f0252c8ff2c6b98a7ee0b38b158541dca4",
                "sha256:13c459e1371aa6ff6bef095851862bdd986117339d88ee4565a1d38385f8d29c",
                "sha256:16ec3725cc2771298665542633c6c58abd85db321b5b981875b70f0c120c4257",
                "sha256:187e86618e0555b1e86325a3eba404448ef56baf9a5fbc5375b8b292e587cfab",
                "sha256:1a9ebfcda94408d5b29cf7d29fa6e73aaff5aea5bdaa0a6707cd30543a782a89",
                "sha256:1d582e4ba83bb587078723dd0336a97d1ce05c1f3dfe7ae540fbac0a5b39b477",
                "sha256:2519319738c7cf89b5312b1b3c8afb5370fb48be2a6b4d1bd92c3033d752b7a3",
                "sha256:308847f390e2807fc3b5fd4f56f5e5628ec182e84654c20c14e2319c62157ecb",
                "sha256:3474fe5d3cbce02f868755c581baf93589c29f077b8731a72326a26ca2d3b05f",
                "sha256:38882aef336a0f9e68e94664f9341a22bbf2d2692d34126ba00608ff0521a847",
                "sha256:391ef9f5868335faea6e1cd590ae9442c6571cee3220c61b95f8d747a7f5b130",
                "sha256:3be7be67e4bf70a03870082d531e29409ebc1815fd12acc6415ac1cc3014777a",
                "sha256:4aefc8e1ae57c1ef16d0f222ade6fcb887eb5dfcbd28d1a948fc5c11d4baed6e",
                "sha256:5e5f4917aef58bc664929fb515f8e99be983dbb1b394d862f72270270cc9cfdd",
                "sha256:61cf081cfdc761a519b7b8c952c738fd4f1b5643a9d988d79c96288f57fd7e68",
                "sha256:6500c64ffca341bac524e2025bdbed725470503fec8e7a9444d0bd03a2c40b40",
                "sha256:65b51f4af8d50c4b0f030895f8dd9fdfde722abca413bd2f3ec79213500cfe59",
                "sha256:68c95a53c0fafb7d6fa88379dda962c7db864b1d1150f7ffc693ff34ae9b3609",
                "sha256:724be6f8cae3cbd03e34d55c78070fe519f0f49732e302b9ea1e2cb8dc781279",
                "sha256:75adad3a1e3de3140ebb618dd52c1644de78df205451c6c4f7ccdb432eeb1c2d",
                "sha256:787a2182651d4cfe6a1b8337189f17002bcc6fb8f2645cbbc22ae8f6a33725d4",
                "sha256:7c0276cfa8e0f0416d654f63dff828c6afd286660fbc68d1d437800dba9ece22",
                "sha256:8127e9993a8e9fd266522db2d4925321752d10c67bad231d7e7ba71c90b1346a",
                "sha256:84cc7e8564ced5665de45cd8c6cb7ad7a01f36d3488a9c79a62b27020c3ea3e8",
                "sha256:8629a6ee11b9c2c26a0066d60bb5fe0a556f57d2465a2ed128dfa00d9f281081",
                "sha256:8f3bff2e3501a76991eb8b84996fea4c69f6d549e61a7a66a225c789daed8320",
                "sha256:94992b4caf8ca61c45b34eec2ec93cea819f0c7680b4a1a8fdd6774f236907b5",
                "sha256:98301227c58fabc3bbdf50caccc878a279b6809cf975b4fde1904ff66bfa99b2",
                "sha256:9a9f166113cb3299ab0bd8203667c2ca1bcf5f390d5fb7865378298c423f0424",
                "sha256:9c3ea8242f76c4a91e602c48f3eb598ee45b3197bb7fe820d28662f624f8ce3f",
                "sha256:9e67573c8a51e8374620a9e08a2582b11240fec9e05b40d105434907c05cacae",
                "sha256:a1147bbb1e0af2c6319f3a416a76eaeb131b49c85c05dead1ae56fd8625bd6a1",
                "sha256:a149a42054d0d079fc4ab7e4efb97d1600313ea51df0cfb5a14e4de1de6848fa",
                "sha256:a8b977b63691298f6dd47ec9ffad855ab86dd6159ae2f14de5224b0629446d39",
                "sha256:b505fb72a2a4bc4bbaf5d82e213f55ce22e6a18b53f4c4b7815ee18ac6e3377b",
                "sha256:bd5f848a3479296735e217d1331d018f4dc5ffe9293e5f873a20e7d0daff57b3",
                "sha256:bdb400ac916dc42706fc7b58a80743a267742609a48e49c02dfb4b5fc14c335b",
                "sha256:c1152a84ab600446cc84f8a0cf2cc77029b05c54c69753e3ecacbd16b61c2169",
                "sha256:c17251020befee7c9fce740ad57d1d0b03453525140310961e8a8e4b477a8027",
                "sha256:cbb0e188112342890ed49dae557bce23a5c23a4ac5b041ef0ee7e897ce883c15",
                "sha256:cd54a7715a244498154efa9018bf9381e3e9c84a7c1f59604112ace6643c3cce",
                "sha256:cf4e10e047a31026dd96b06024bc93f3ada415398b2b01a74b26ff6da49c5911",
                "sha256:d17c82af5dc966de5c927a063e9af8ea837374a4f94e76114454142d8ef77223",
                "sha256:d5cfec01e5d8a567f985b7674513f84cf3d68f809843a50bc59ed0ace04f1754",
                "sha256:e02ffa8379d97d39d15cac4e8495ab0f6dcc914de468a3ae9b39bd34bf5d6fc8",
                "sha256:e40b1ce2cf31462be5289e4dbd444eb0bad677fce44d2189b6b1389df86ee398",
                "sha256:e6381093451c8c150602d1a14a53bd02d7ece602dd78c6b0198333682dfe2cf1",
                "sha256:e79b4f384f5d2807ff848795949c8771af20fb37a33a7206e78f614acf7cb866",
                "sha256:e90fdcce1a8113746e479e296426b78c1472a6fb2293a04eae9ac6da6fa47b0c",
                "sha256:ed184da1b9a94bb85bcb8021f03b7806568d35721695ecbd0ab753d40d32db66",
                "sha256:ed88d7ad13cf2c033731fa5854b3be7b5d2751e93342772b617f8a9bfe7c3610",
                "sha256:f5c53aeff205a82da93a2de008d1ddd3202b32825aa021a8b3e8a2c645089a74",
                "sha256:fbda504f05465b363480b8048188e5f60254499a5335e31a8f7b1ccd55f50745"
            ],
            "index": "pypi",
            "version": "==4.3.2"
        },
        "gitdb": {
            "hashes": [
                "sha256:91f36bfb1ab7949b3b40e23736db18231bf7593edada2ba5c3a174a7b23657ac",
                "sha256:c9e1f2d0db7ddb9a704c2a0217be31214e91a4fe1dea1efad19ae42ba0c285c9"
            ],
            "markers": "python_version >= '3.4'",
            "version": "==4.0.5"
        },
        "gitpython": {
            "hashes": [
                "sha256:6eea89b655917b500437e9668e4a12eabdcf00229a0df1762aabd692ef9b746b",
                "sha256:befa4d101f91bad1b632df4308ec64555db684c360bd7d2130b4807d49ce86b8"
            ],
            "index": "pypi",
            "version": "==3.1.11"
        },
        "idna": {
            "hashes": [
                "sha256:b307872f855b18632ce0c21c5e45be78c0ea7ae4c15c828c20788b26921eb3f6",
                "sha256:b97d804b1e9b523befed77c48dacec60e6dcb0b5391d57af6a65a312a90648c0"
            ],
            "markers": "python_version >= '2.7' and python_version not in '3.0, 3.1, 3.2, 3.3'",
            "version": "==2.10"
        },
        "iniconfig": {
            "hashes": [
                "sha256:011e24c64b7f47f6ebd835bb12a743f2fbe9a26d4cecaa7f53bc4f35ee9da8b3",
                "sha256:bc3af051d7d14b2ee5ef9969666def0cd1a000e121eaea580d4a313df4b37f32"
            ],
            "version": "==1.1.1"
        },
        "packaging": {
            "hashes": [
                "sha256:4357f74f47b9c12db93624a82154e9b120fa8293699949152b22065d556079f8",
                "sha256:998416ba6962ae7fbd6596850b80e17859a5753ba17c32284f67bfff33784181"
            ],
            "markers": "python_version >= '2.7' and python_version not in '3.0, 3.1, 3.2, 3.3'",
            "version": "==20.4"
        },
        "pluggy": {
            "hashes": [
                "sha256:15b2acde666561e1298d71b523007ed7364de07029219b604cf808bfa1c765b0",
                "sha256:966c145cd83c96502c3c3868f50408687b38434af77734af1e9ca461a4081d2d"
            ],
            "markers": "python_version >= '2.7' and python_version not in '3.0, 3.1, 3.2, 3.3'",
            "version": "==0.13.1"
        },
        "py": {
            "hashes": [
                "sha256:366389d1db726cd2fcfc79732e75410e5fe4d31db13692115529d34069a043c2",
                "sha256:9ca6883ce56b4e8da7e79ac18787889fa5206c79dcc67fb065376cd2fe03f342"
            ],
            "markers": "python_version >= '2.7' and python_version not in '3.0, 3.1, 3.2, 3.3'",
            "version": "==1.9.0"
        },
        "pykube-ng": {
            "hashes": [
                "sha256:72c5fbff0da32ec1682927167742f4ebf7b33a1ad01035511d5fec2de208220f",
                "sha256:d6a5f9101719d461db1f7e11cfdde4c1f8bae5c6a89f4c08e5008aae9327b338"
            ],
            "markers": "python_version >= '3.6'",
            "version": "==20.10.0"
        },
        "pyparsing": {
            "hashes": [
                "sha256:c203ec8783bf771a155b207279b9bccb8dea02d8f0c9e5f8ead507bc3246ecc1",
                "sha256:ef9d7589ef3c200abe66653d3f1ab1033c3c419ae9b9bdb1240a85b024efc88b"
            ],
            "markers": "python_version >= '2.6' and python_version not in '3.0, 3.1, 3.2, 3.3'",
            "version": "==2.4.7"
        },
        "pytest": {
            "hashes": [
                "sha256:4288fed0d9153d9646bfcdf0c0428197dba1ecb27a33bb6e031d002fa88653fe",
                "sha256:c0a7e94a8cdbc5422a51ccdad8e6f1024795939cc89159a0ae7f0b316ad3823e"
            ],
            "markers": "python_version >= '3.5'",
            "version": "==6.1.2"
        },
        "pytest-helm-charts": {
            "hashes": [
                "sha256:848db1188098421bb58fea4e8837eed67c4dbf379724da1964fd0eb88699fef3",
                "sha256:d072deb623d78e3c19006495e98688200146eaae355a0b919cd86266756cb0f9"
            ],
            "index": "pypi",
            "version": "==0.2.1"
        },
        "pyyaml": {
            "hashes": [
                "sha256:06a0d7ba600ce0b2d2fe2e78453a470b5a6e000a985dd4a4e54e436cc36b0e97",
                "sha256:240097ff019d7c70a4922b6869d8a86407758333f02203e0fc6ff79c5dcede76",
                "sha256:4f4b913ca1a7319b33cfb1369e91e50354d6f07a135f3b901aca02aa95940bd2",
                "sha256:6034f55dab5fea9e53f436aa68fa3ace2634918e8b5994d82f3621c04ff5ed2e",
                "sha256:69f00dca373f240f842b2931fb2c7e14ddbacd1397d57157a9b005a6a9942648",
                "sha256:73f099454b799e05e5ab51423c7bcf361c58d3206fa7b0d555426b1f4d9a3eaf",
                "sha256:74809a57b329d6cc0fdccee6318f44b9b8649961fa73144a98735b0aaf029f1f",
                "sha256:7739fc0fa8205b3ee8808aea45e968bc90082c10aef6ea95e855e10abf4a37b2",
                "sha256:95f71d2af0ff4227885f7a6605c37fd53d3a106fcab511b8860ecca9fcf400ee",
                "sha256:ad9c67312c84def58f3c04504727ca879cb0013b2517c85a9a253f0cb6380c0a",
                "sha256:b8eac752c5e14d3eca0e6dd9199cd627518cb5ec06add0de9d32baeee6fe645d",
                "sha256:cc8955cfbfc7a115fa81d85284ee61147059a753344bc51098f3ccd69b0d7e0c",
                "sha256:d13155f591e6fcc1ec3b30685d50bf0711574e2c0dfffd7644babf8b5102ca1a"
            ],
            "index": "pypi",
            "version": "==5.3.1"
        },
        "requests": {
            "hashes": [
                "sha256:7f1a0b932f4a60a1a65caa4263921bb7d9ee911957e0ae4a23a6dd08185ad5f8",
                "sha256:e786fa28d8c9154e6a4de5d46a1d921b8749f8b74e28bde23768e5e16eece998"
            ],
            "markers": "python_version >= '2.7' and python_version not in '3.0, 3.1, 3.2, 3.3, 3.4'",
            "version": "==2.25.0"
        },
        "semver": {
            "hashes": [
                "sha256:ced8b23dceb22134307c1b8abfa523da14198793d9787ac838e70e29e77458d4",
                "sha256:fa0fe2722ee1c3f57eac478820c3a5ae2f624af8264cbdf9000c980ff7f75e3f"
            ],
            "index": "pypi",
            "version": "==2.13.0"
        },
        "six": {
            "hashes": [
                "sha256:30639c035cdb23534cd4aa2dd52c3bf48f06e5f4a941509c8bafd8ce11080259",
                "sha256:8b74bedcbbbaca38ff6d7491d76f2b06b3592611af620f8426e82dddb04a5ced"
            ],
            "markers": "python_version >= '2.7' and python_version not in '3.0, 3.1, 3.2, 3.3'",
            "version": "==1.15.0"
        },
        "smmap": {
            "hashes": [
                "sha256:54c44c197c819d5ef1991799a7e30b662d1e520f2ac75c9efbeb54a742214cf4",
                "sha256:9c98bbd1f9786d22f14b3d4126894d56befb835ec90cef151af566c7e19b5d24"
            ],
            "markers": "python_version >= '2.7' and python_version not in '3.0, 3.1, 3.2, 3.3'",
            "version": "==3.0.4"
        },
        "toml": {
            "hashes": [
                "sha256:806143ae5bfb6a3c6e736a764057db0e6a0e05e338b5630894a5f779cabb4f9b",
                "sha256:b3bda1d108d5dd99f4a20d24d9c348e91c4db7ab1b749200bded2f839ccbe68f"
            ],
            "markers": "python_version >= '2.6' and python_version not in '3.0, 3.1, 3.2, 3.3'",
            "version": "==0.10.2"
        },
        "urllib3": {
            "hashes": [
                "sha256:19188f96923873c92ccb987120ec4acaa12f0461fa9ce5d3d0772bc965a39e08",
                "sha256:d8ff90d979214d7b4f8ce956e80f4028fc6860e4431f731ea4a8c08f23f99473"
            ],
            "markers": "python_version >= '2.7' and python_version not in '3.0, 3.1, 3.2, 3.3, 3.4' and python_version < '4.0'",
            "version": "==1.26.2"
        },
        "validators": {
            "hashes": [
                "sha256:1a653b33c0ab091790f65f42b61aa191e354ed5fdedfeb17d24a86d0789966d7",
                "sha256:f787632edf9e054e9cf580d3016f5b0e9ad83b8a00a258b71406db0456e17007"
            ],
            "index": "pypi",
            "version": "==0.18.1"
        }
    },
    "develop": {
        "appdirs": {
            "hashes": [
                "sha256:7d5d0167b2b1ba821647616af46a749d1c653740dd0d2415100fe26e27afdf41",
                "sha256:a841dacd6b99318a741b166adb07e19ee71a274450e68237b4650ca1055ab128"
            ],
            "version": "==1.4.4"
        },
        "attrs": {
            "hashes": [
                "sha256:31b2eced602aa8423c2aea9c76a724617ed67cf9513173fd3a4f03e3a929c7e6",
                "sha256:832aa3cde19744e49938b91fea06d69ecb9e649c93ba974535d08ad92164f700"
            ],
            "markers": "python_version >= '2.7' and python_version not in '3.0, 3.1, 3.2, 3.3'",
            "version": "==20.3.0"
        },
        "cfgv": {
            "hashes": [
                "sha256:32e43d604bbe7896fe7c248a9c2276447dbef840feb28fe20494f62af110211d",
                "sha256:cf22deb93d4bcf92f345a5c3cd39d3d41d6340adc60c78bbbd6588c384fda6a1"
            ],
            "markers": "python_full_version >= '3.6.1'",
            "version": "==3.2.0"
        },
        "coverage": {
            "hashes": [
                "sha256:0203acd33d2298e19b57451ebb0bed0ab0c602e5cf5a818591b4918b1f97d516",
                "sha256:0f313707cdecd5cd3e217fc68c78a960b616604b559e9ea60cc16795c4304259",
                "sha256:1c6703094c81fa55b816f5ae542c6ffc625fec769f22b053adb42ad712d086c9",
                "sha256:1d44bb3a652fed01f1f2c10d5477956116e9b391320c94d36c6bf13b088a1097",
                "sha256:280baa8ec489c4f542f8940f9c4c2181f0306a8ee1a54eceba071a449fb870a0",
                "sha256:29a6272fec10623fcbe158fdf9abc7a5fa032048ac1d8631f14b50fbfc10d17f",
                "sha256:2b31f46bf7b31e6aa690d4c7a3d51bb262438c6dcb0d528adde446531d0d3bb7",
                "sha256:2d43af2be93ffbad25dd959899b5b809618a496926146ce98ee0b23683f8c51c",
                "sha256:381ead10b9b9af5f64646cd27107fb27b614ee7040bb1226f9c07ba96625cbb5",
                "sha256:47a11bdbd8ada9b7ee628596f9d97fbd3851bd9999d398e9436bd67376dbece7",
                "sha256:4d6a42744139a7fa5b46a264874a781e8694bb32f1d76d8137b68138686f1729",
                "sha256:50691e744714856f03a86df3e2bff847c2acede4c191f9a1da38f088df342978",
                "sha256:530cc8aaf11cc2ac7430f3614b04645662ef20c348dce4167c22d99bec3480e9",
                "sha256:582ddfbe712025448206a5bc45855d16c2e491c2dd102ee9a2841418ac1c629f",
                "sha256:63808c30b41f3bbf65e29f7280bf793c79f54fb807057de7e5238ffc7cc4d7b9",
                "sha256:71b69bd716698fa62cd97137d6f2fdf49f534decb23a2c6fc80813e8b7be6822",
                "sha256:7858847f2d84bf6e64c7f66498e851c54de8ea06a6f96a32a1d192d846734418",
                "sha256:78e93cc3571fd928a39c0b26767c986188a4118edc67bc0695bc7a284da22e82",
                "sha256:7f43286f13d91a34fadf61ae252a51a130223c52bfefb50310d5b2deb062cf0f",
                "sha256:86e9f8cd4b0cdd57b4ae71a9c186717daa4c5a99f3238a8723f416256e0b064d",
                "sha256:8f264ba2701b8c9f815b272ad568d555ef98dfe1576802ab3149c3629a9f2221",
                "sha256:9342dd70a1e151684727c9c91ea003b2fb33523bf19385d4554f7897ca0141d4",
                "sha256:9361de40701666b034c59ad9e317bae95c973b9ff92513dd0eced11c6adf2e21",
                "sha256:9669179786254a2e7e57f0ecf224e978471491d660aaca833f845b72a2df3709",
                "sha256:aac1ba0a253e17889550ddb1b60a2063f7474155465577caa2a3b131224cfd54",
                "sha256:aef72eae10b5e3116bac6957de1df4d75909fc76d1499a53fb6387434b6bcd8d",
                "sha256:bd3166bb3b111e76a4f8e2980fa1addf2920a4ca9b2b8ca36a3bc3dedc618270",
                "sha256:c1b78fb9700fc961f53386ad2fd86d87091e06ede5d118b8a50dea285a071c24",
                "sha256:c3888a051226e676e383de03bf49eb633cd39fc829516e5334e69b8d81aae751",
                "sha256:c5f17ad25d2c1286436761b462e22b5020d83316f8e8fcb5deb2b3151f8f1d3a",
                "sha256:c851b35fc078389bc16b915a0a7c1d5923e12e2c5aeec58c52f4aa8085ac8237",
                "sha256:cb7df71de0af56000115eafd000b867d1261f786b5eebd88a0ca6360cccfaca7",
                "sha256:cedb2f9e1f990918ea061f28a0f0077a07702e3819602d3507e2ff98c8d20636",
                "sha256:e8caf961e1b1a945db76f1b5fa9c91498d15f545ac0ababbe575cfab185d3bd8"
            ],
            "markers": "python_version >= '2.7' and python_version not in '3.0, 3.1, 3.2, 3.3, 3.4' and python_version < '4'",
            "version": "==5.3"
        },
        "distlib": {
            "hashes": [
                "sha256:8c09de2c67b3e7deef7184574fc060ab8a793e7adbb183d942c389c8b13c52fb",
                "sha256:edf6116872c863e1aa9d5bb7cb5e05a022c519a4594dc703843343a9ddd9bff1"
            ],
            "version": "==0.3.1"
        },
        "filelock": {
            "hashes": [
                "sha256:18d82244ee114f543149c66a6e0c14e9c4f8a1044b5cdaadd0f82159d6a6ff59",
                "sha256:929b7d63ec5b7d6b71b0fa5ac14e030b3f70b75747cef1b10da9b879fef15836"
            ],
            "version": "==3.0.12"
        },
        "identify": {
            "hashes": [
                "sha256:5dd84ac64a9a115b8e0b27d1756b244b882ad264c3c423f42af8235a6e71ca12",
                "sha256:c9504ba6a043ee2db0a9d69e43246bc138034895f6338d5aed1b41e4a73b1513"
            ],
            "markers": "python_version >= '2.7' and python_version not in '3.0, 3.1, 3.2, 3.3'",
            "version": "==1.5.9"
        },
        "iniconfig": {
            "hashes": [
                "sha256:011e24c64b7f47f6ebd835bb12a743f2fbe9a26d4cecaa7f53bc4f35ee9da8b3",
                "sha256:bc3af051d7d14b2ee5ef9969666def0cd1a000e121eaea580d4a313df4b37f32"
            ],
            "version": "==1.1.1"
        },
        "nodeenv": {
            "hashes": [
                "sha256:5304d424c529c997bc888453aeaa6362d242b6b4631e90f3d4bf1b290f1c84a9",
                "sha256:ab45090ae383b716c4ef89e690c41ff8c2b257b85b309f01f3654df3d084bd7c"
            ],
            "version": "==1.5.0"
        },
        "packaging": {
            "hashes": [
                "sha256:4357f74f47b9c12db93624a82154e9b120fa8293699949152b22065d556079f8",
                "sha256:998416ba6962ae7fbd6596850b80e17859a5753ba17c32284f67bfff33784181"
            ],
            "markers": "python_version >= '2.7' and python_version not in '3.0, 3.1, 3.2, 3.3'",
            "version": "==20.4"
        },
        "pluggy": {
            "hashes": [
                "sha256:15b2acde666561e1298d71b523007ed7364de07029219b604cf808bfa1c765b0",
                "sha256:966c145cd83c96502c3c3868f50408687b38434af77734af1e9ca461a4081d2d"
            ],
            "markers": "python_version >= '2.7' and python_version not in '3.0, 3.1, 3.2, 3.3'",
            "version": "==0.13.1"
        },
        "pre-commit": {
            "hashes": [
                "sha256:22e6aa3bd571debb01eb7d34483f11c01b65237be4eebbf30c3d4fb65762d315",
                "sha256:905ebc9b534b991baec87e934431f2d0606ba27f2b90f7f652985f5a5b8b6ae6"
            ],
            "index": "pypi",
            "version": "==2.8.2"
        },
        "py": {
            "hashes": [
                "sha256:366389d1db726cd2fcfc79732e75410e5fe4d31db13692115529d34069a043c2",
                "sha256:9ca6883ce56b4e8da7e79ac18787889fa5206c79dcc67fb065376cd2fe03f342"
            ],
            "markers": "python_version >= '2.7' and python_version not in '3.0, 3.1, 3.2, 3.3'",
            "version": "==1.9.0"
        },
        "pyparsing": {
            "hashes": [
                "sha256:c203ec8783bf771a155b207279b9bccb8dea02d8f0c9e5f8ead507bc3246ecc1",
                "sha256:ef9d7589ef3c200abe66653d3f1ab1033c3c419ae9b9bdb1240a85b024efc88b"
            ],
            "markers": "python_version >= '2.6' and python_version not in '3.0, 3.1, 3.2, 3.3'",
            "version": "==2.4.7"
        },
        "pytest": {
            "hashes": [
                "sha256:4288fed0d9153d9646bfcdf0c0428197dba1ecb27a33bb6e031d002fa88653fe",
                "sha256:c0a7e94a8cdbc5422a51ccdad8e6f1024795939cc89159a0ae7f0b316ad3823e"
            ],
            "markers": "python_version >= '3.5'",
            "version": "==6.1.2"
        },
        "pytest-cov": {
            "hashes": [
                "sha256:45ec2d5182f89a81fc3eb29e3d1ed3113b9e9a873bcddb2a71faaab066110191",
                "sha256:47bd0ce14056fdd79f93e1713f88fad7bdcc583dcd7783da86ef2f085a0bb88e"
            ],
            "index": "pypi",
            "version": "==2.10.1"
        },
        "pytest-mock": {
            "hashes": [
                "sha256:024e405ad382646318c4281948aadf6fe1135632bea9cc67366ea0c4098ef5f2",
                "sha256:a4d6d37329e4a893e77d9ffa89e838dd2b45d5dc099984cf03c703ac8411bb82"
            ],
            "index": "pypi",
            "version": "==3.3.1"
        },
        "pyyaml": {
            "hashes": [
                "sha256:06a0d7ba600ce0b2d2fe2e78453a470b5a6e000a985dd4a4e54e436cc36b0e97",
                "sha256:240097ff019d7c70a4922b6869d8a86407758333f02203e0fc6ff79c5dcede76",
                "sha256:4f4b913ca1a7319b33cfb1369e91e50354d6f07a135f3b901aca02aa95940bd2",
                "sha256:6034f55dab5fea9e53f436aa68fa3ace2634918e8b5994d82f3621c04ff5ed2e",
                "sha256:69f00dca373f240f842b2931fb2c7e14ddbacd1397d57157a9b005a6a9942648",
                "sha256:73f099454b799e05e5ab51423c7bcf361c58d3206fa7b0d555426b1f4d9a3eaf",
                "sha256:74809a57b329d6cc0fdccee6318f44b9b8649961fa73144a98735b0aaf029f1f",
                "sha256:7739fc0fa8205b3ee8808aea45e968bc90082c10aef6ea95e855e10abf4a37b2",
                "sha256:95f71d2af0ff4227885f7a6605c37fd53d3a106fcab511b8860ecca9fcf400ee",
                "sha256:ad9c67312c84def58f3c04504727ca879cb0013b2517c85a9a253f0cb6380c0a",
                "sha256:b8eac752c5e14d3eca0e6dd9199cd627518cb5ec06add0de9d32baeee6fe645d",
                "sha256:cc8955cfbfc7a115fa81d85284ee61147059a753344bc51098f3ccd69b0d7e0c",
                "sha256:d13155f591e6fcc1ec3b30685d50bf0711574e2c0dfffd7644babf8b5102ca1a"
            ],
            "index": "pypi",
            "version": "==5.3.1"
        },
        "six": {
            "hashes": [
                "sha256:30639c035cdb23534cd4aa2dd52c3bf48f06e5f4a941509c8bafd8ce11080259",
                "sha256:8b74bedcbbbaca38ff6d7491d76f2b06b3592611af620f8426e82dddb04a5ced"
            ],
            "markers": "python_version >= '2.7' and python_version not in '3.0, 3.1, 3.2, 3.3'",
            "version": "==1.15.0"
        },
        "toml": {
            "hashes": [
                "sha256:806143ae5bfb6a3c6e736a764057db0e6a0e05e338b5630894a5f779cabb4f9b",
                "sha256:b3bda1d108d5dd99f4a20d24d9c348e91c4db7ab1b749200bded2f839ccbe68f"
            ],
            "markers": "python_version >= '2.6' and python_version not in '3.0, 3.1, 3.2, 3.3'",
            "version": "==0.10.2"
        },
        "virtualenv": {
            "hashes": [
                "sha256:b0011228208944ce71052987437d3843e05690b2f23d1c7da4263fde104c97a2",
                "sha256:b8d6110f493af256a40d65e29846c69340a947669eec8ce784fcf3dd3af28380"
            ],
            "markers": "python_version >= '2.7' and python_version not in '3.0, 3.1, 3.2, 3.3'",
            "version": "==20.1.0"
        }
    }
}
